
Microsoft Visual Studio Solution File, Format Version 12.00
# Visual Studio 15
VisualStudioVersion = 15.0.27703.2047
MinimumVisualStudioVersion = 10.0.40219.1
Project("{FAE04EC0-301F-11D3-BF4B-00C04F79EFBC}") = "ReeGame", "Game\ReeGame.csproj", "{9FA81178-D511-4501-8567-9D58C7188CF2}"
EndProject
Global
	GlobalSection(SolutionConfigurationPlatforms) = preSolution
		Debug|x86 = Debug|x86
		Release|x86 = Release|x86
	EndGlobalSection
	GlobalSection(ProjectConfigurationPlatforms) = postSolution
		{9FA81178-D511-4501-8567-9D58C7188CF2}.Debug|x86.ActiveCfg = Debug|x86
		{9FA81178-D511-4501-8567-9D58C7188CF2}.Debug|x86.Build.0 = Debug|x86
		{9FA81178-D511-4501-8567-9D58C7188CF2}.Release|x86.ActiveCfg = Release|x86
		{9FA81178-D511-4501-8567-9D58C7188CF2}.Release|x86.Build.0 = Release|x86
	EndGlobalSection
	GlobalSection(SolutionProperties) = preSolution
		HideSolutionNode = FALSE
	EndGlobalSection
	GlobalSection(ExtensibilityGlobals) = postSolution
		SolutionGuid = {68795E09-24BA-4368-AEFE-22298617C452}
	EndGlobalSection
EndGlobal
